
Microsoft Visual Studio Solution File, Format Version 12.00
# Visual Studio Version 16
VisualStudioVersion = 16.0.30804.86
MinimumVisualStudioVersion = 10.0.40219.1
Project("{9A19103F-16F7-4668-BE54-9A1E7A4F7556}") = "Mentoring", "Mentoring\Mentoring.csproj", "{AB99D84F-82B3-4700-A90F-C0E8D7D0BEE3}"
EndProject
Project("{9A19103F-16F7-4668-BE54-9A1E7A4F7556}") = "DALMentoring", "DALMentoring\DALMentoring.csproj", "{65EC9F6D-E549-4057-8EF9-DA794476E09F}"
EndProject
Project("{FAE04EC0-301F-11D3-BF4B-00C04F79EFBC}") = "Data.Mentoring", "Data.Mentoring\Data.Mentoring.csproj", "{C27C6ACD-E397-4928-A0C7-1DB7B4E23D82}"
EndProject
Global
	GlobalSection(SolutionConfigurationPlatforms) = preSolution
		Debug|Any CPU = Debug|Any CPU
		Release|Any CPU = Release|Any CPU
	EndGlobalSection
	GlobalSection(ProjectConfigurationPlatforms) = postSolution
		{AB99D84F-82B3-4700-A90F-C0E8D7D0BEE3}.Debug|Any CPU.ActiveCfg = Debug|Any CPU
		{AB99D84F-82B3-4700-A90F-C0E8D7D0BEE3}.Debug|Any CPU.Build.0 = Debug|Any CPU
		{AB99D84F-82B3-4700-A90F-C0E8D7D0BEE3}.Release|Any CPU.ActiveCfg = Release|Any CPU
		{AB99D84F-82B3-4700-A90F-C0E8D7D0BEE3}.Release|Any CPU.Build.0 = Release|Any CPU
		{65EC9F6D-E549-4057-8EF9-DA794476E09F}.Debug|Any CPU.ActiveCfg = Debug|Any CPU
		{65EC9F6D-E549-4057-8EF9-DA794476E09F}.Debug|Any CPU.Build.0 = Debug|Any CPU
		{65EC9F6D-E549-4057-8EF9-DA794476E09F}.Release|Any CPU.ActiveCfg = Release|Any CPU
		{65EC9F6D-E549-4057-8EF9-DA794476E09F}.Release|Any CPU.Build.0 = Release|Any CPU
		{C27C6ACD-E397-4928-A0C7-1DB7B4E23D82}.Debug|Any CPU.ActiveCfg = Debug|Any CPU
		{C27C6ACD-E397-4928-A0C7-1DB7B4E23D82}.Debug|Any CPU.Build.0 = Debug|Any CPU
		{C27C6ACD-E397-4928-A0C7-1DB7B4E23D82}.Release|Any CPU.ActiveCfg = Release|Any CPU
		{C27C6ACD-E397-4928-A0C7-1DB7B4E23D82}.Release|Any CPU.Build.0 = Release|Any CPU
	EndGlobalSection
	GlobalSection(SolutionProperties) = preSolution
		HideSolutionNode = FALSE
	EndGlobalSection
	GlobalSection(ExtensibilityGlobals) = postSolution
		SolutionGuid = {B18501E8-C428-47AA-B71B-7E4C41DAE943}
	EndGlobalSection
EndGlobal
